
Microsoft Visual Studio Solution File, Format Version 12.00
# Visual Studio Version 16
VisualStudioVersion = 16.0.31313.79
MinimumVisualStudioVersion = 10.0.40219.1
Project("{FAE04EC0-301F-11D3-BF4B-00C04F79EFBC}") = "TestWebApi", "TestWebApi\TestWebApi.csproj", "{84337C23-46DE-4EA3-896B-9DBE552010BA}"
EndProject
Global
	GlobalSection(SolutionConfigurationPlatforms) = preSolution
		Debug|Any CPU = Debug|Any CPU
		Release|Any CPU = Release|Any CPU
	EndGlobalSection
	GlobalSection(ProjectConfigurationPlatforms) = postSolution
		{84337C23-46DE-4EA3-896B-9DBE552010BA}.Debug|Any CPU.ActiveCfg = Debug|Any CPU
		{84337C23-46DE-4EA3-896B-9DBE552010BA}.Debug|Any CPU.Build.0 = Debug|Any CPU
		{84337C23-46DE-4EA3-896B-9DBE552010BA}.Release|Any CPU.ActiveCfg = Release|Any CPU
		{84337C23-46DE-4EA3-896B-9DBE552010BA}.Release|Any CPU.Build.0 = Release|Any CPU
	EndGlobalSection
	GlobalSection(SolutionProperties) = preSolution
		HideSolutionNode = FALSE
	EndGlobalSection
	GlobalSection(ExtensibilityGlobals) = postSolution
		SolutionGuid = {ACF68E4F-AB98-4404-9DDF-371A6E4B5801}
	EndGlobalSection
EndGlobal
